
Microsoft Visual Studio Solution File, Format Version 12.00
# Visual Studio Version 17
VisualStudioVersion = 17.0.31903.59
MinimumVisualStudioVersion = 10.0.40219.1
Project("{2150E333-8FDC-42A3-9474-1A3956D46DE8}") = "src", "src", "{FB2C24D1-953D-440F-B466-4C8F147A54FD}"
EndProject
Project("{FAE04EC0-301F-11D3-BF4B-00C04F79EFBC}") = "PowerFlow.Core", "src\PowerFlow.Core\PowerFlow.Core.csproj", "{E883A74C-CB2D-4135-81C9-F79CD9009D04}"
EndProject
Project("{2150E333-8FDC-42A3-9474-1A3956D46DE8}") = "tests", "tests", "{571C25EE-0D44-4571-B7F3-1C30B00CEDE4}"
EndProject
Project("{FAE04EC0-301F-11D3-BF4B-00C04F79EFBC}") = "PowerFlow.Core.Tests", "tests\PowerFlow.Core.Tests\PowerFlow.Core.Tests.csproj", "{E4DBE809-E9F6-4444-AB3F-CE056D70429D}"
EndProject
Project("{FAE04EC0-301F-11D3-BF4B-00C04F79EFBC}") = "PowerFlow.Windows", "src\PowerFlow.Windows\PowerFlow.Windows.csproj", "{F9AB33D0-559E-47FC-9059-3DFDDFC8AD2C}"
EndProject
Project("{FAE04EC0-301F-11D3-BF4B-00C04F79EFBC}") = "PowerFlow.Windows.Tests", "tests\PowerFlow.Windows.Tests\PowerFlow.Windows.Tests.csproj", "{BFD277EF-857B-46EE-93A7-2897F36E6509}"
EndProject
Project("{FAE04EC0-301F-11D3-BF4B-00C04F79EFBC}") = "PowerFlow.App", "src\PowerFlow.App\PowerFlow.App.csproj", "{9D090940-91D1-4568-9591-9FB7D31DBE9C}"
EndProject
Project("{FAE04EC0-301F-11D3-BF4B-00C04F79EFBC}") = "PowerFlow.App.Tests", "tests\PowerFlow.App.Tests\PowerFlow.App.Tests.csproj", "{B8EA3D97-3F6E-48EC-A0B1-75E435378AAA}"
EndProject
Project("{2150E333-8FDC-42A3-9474-1A3956D46DE8}") = "tools", "tools", "{60D0C50F-8CDB-4ADE-A8F0-14FFD00EECAF}"
EndProject
Project("{FAE04EC0-301F-11D3-BF4B-00C04F79EFBC}") = "PowerFlow.Setup", "tools\PowerFlow.Setup\PowerFlow.Setup.csproj", "{206123D5-5CD2-4508-BEC3-09A747577E87}"
EndProject
Global
	GlobalSection(SolutionConfigurationPlatforms) = preSolution
		Debug|Any CPU = Debug|Any CPU
		Release|Any CPU = Release|Any CPU
	EndGlobalSection
	GlobalSection(SolutionProperties) = preSolution
		HideSolutionNode = FALSE
	EndGlobalSection
	GlobalSection(ProjectConfigurationPlatforms) = postSolution
		{E883A74C-CB2D-4135-81C9-F79CD9009D04}.Debug|Any CPU.ActiveCfg = Debug|Any CPU
		{E883A74C-CB2D-4135-81C9-F79CD9009D04}.Debug|Any CPU.Build.0 = Debug|Any CPU
		{E883A74C-CB2D-4135-81C9-F79CD9009D04}.Release|Any CPU.ActiveCfg = Release|Any CPU
		{E883A74C-CB2D-4135-81C9-F79CD9009D04}.Release|Any CPU.Build.0 = Release|Any CPU
		{E4DBE809-E9F6-4444-AB3F-CE056D70429D}.Debug|Any CPU.ActiveCfg = Debug|Any CPU
		{E4DBE809-E9F6-4444-AB3F-CE056D70429D}.Debug|Any CPU.Build.0 = Debug|Any CPU
		{E4DBE809-E9F6-4444-AB3F-CE056D70429D}.Release|Any CPU.ActiveCfg = Release|Any CPU
		{E4DBE809-E9F6-4444-AB3F-CE056D70429D}.Release|Any CPU.Build.0 = Release|Any CPU
		{F9AB33D0-559E-47FC-9059-3DFDDFC8AD2C}.Debug|Any CPU.ActiveCfg = Debug|Any CPU
		{F9AB33D0-559E-47FC-9059-3DFDDFC8AD2C}.Debug|Any CPU.Build.0 = Debug|Any CPU
		{F9AB33D0-559E-47FC-9059-3DFDDFC8AD2C}.Release|Any CPU.ActiveCfg = Release|Any CPU
		{F9AB33D0-559E-47FC-9059-3DFDDFC8AD2C}.Release|Any CPU.Build.0 = Release|Any CPU
		{BFD277EF-857B-46EE-93A7-2897F36E6509}.Debug|Any CPU.ActiveCfg = Debug|Any CPU
		{BFD277EF-857B-46EE-93A7-2897F36E6509}.Debug|Any CPU.Build.0 = Debug|Any CPU
		{BFD277EF-857B-46EE-93A7-2897F36E6509}.Release|Any CPU.ActiveCfg = Release|Any CPU
		{BFD277EF-857B-46EE-93A7-2897F36E6509}.Release|Any CPU.Build.0 = Release|Any CPU
		{9D090940-91D1-4568-9591-9FB7D31DBE9C}.Debug|Any CPU.ActiveCfg = Debug|Any CPU
		{9D090940-91D1-4568-9591-9FB7D31DBE9C}.Debug|Any CPU.Build.0 = Debug|Any CPU
		{9D090940-91D1-4568-9591-9FB7D31DBE9C}.Release|Any CPU.ActiveCfg = Release|Any CPU
		{9D090940-91D1-4568-9591-9FB7D31DBE9C}.Release|Any CPU.Build.0 = Release|Any CPU
		{B8EA3D97-3F6E-48EC-A0B1-75E435378AAA}.Debug|Any CPU.ActiveCfg = Debug|Any CPU
		{B8EA3D97-3F6E-48EC-A0B1-75E435378AAA}.Debug|Any CPU.Build.0 = Debug|Any CPU
		{B8EA3D97-3F6E-48EC-A0B1-75E435378AAA}.Release|Any CPU.ActiveCfg = Release|Any CPU
		{B8EA3D97-3F6E-48EC-A0B1-75E435378AAA}.Release|Any CPU.Build.0 = Release|Any CPU
		{206123D5-5CD2-4508-BEC3-09A747577E87}.Debug|Any CPU.ActiveCfg = Debug|x64
		{206123D5-5CD2-4508-BEC3-09A747577E87}.Debug|Any CPU.Build.0 = Debug|x64
		{206123D5-5CD2-4508-BEC3-09A747577E87}.Release|Any CPU.ActiveCfg = Release|x64
		{206123D5-5CD2-4508-BEC3-09A747577E87}.Release|Any CPU.Build.0 = Release|x64
	EndGlobalSection
	GlobalSection(NestedProjects) = preSolution
		{E883A74C-CB2D-4135-81C9-F79CD9009D04} = {FB2C24D1-953D-440F-B466-4C8F147A54FD}
		{E4DBE809-E9F6-4444-AB3F-CE056D70429D} = {571C25EE-0D44-4571-B7F3-1C30B00CEDE4}
		{F9AB33D0-559E-47FC-9059-3DFDDFC8AD2C} = {FB2C24D1-953D-440F-B466-4C8F147A54FD}
		{BFD277EF-857B-46EE-93A7-2897F36E6509} = {571C25EE-0D44-4571-B7F3-1C30B00CEDE4}
		{9D090940-91D1-4568-9591-9FB7D31DBE9C} = {FB2C24D1-953D-440F-B466-4C8F147A54FD}
		{B8EA3D97-3F6E-48EC-A0B1-75E435378AAA} = {571C25EE-0D44-4571-B7F3-1C30B00CEDE4}
		{206123D5-5CD2-4508-BEC3-09A747577E87} = {60D0C50F-8CDB-4ADE-A8F0-14FFD00EECAF}
	EndGlobalSection
EndGlobal
